Microsoft Visual Studio Solution File, Format Version 8.00
Project("{8BC9CEB8-8B4A-11D0-8D11-00A0C91BC942}") = "HGserver", "HGserver.vcproj", "{E8966E8D-F08D-4A15-88E4-A482F41B9E33}"
	ProjectSection(ProjectDependencies) = postProject
	EndProjectSection
EndProject
Global
	GlobalSection(SolutionConfiguration) = preSolution
		Debug = Debug
		Release = Release
	EndGlobalSection
	GlobalSection(ProjectConfiguration) = postSolution
		{E8966E8D-F08D-4A15-88E4-A482F41B9E33}.Debug.ActiveCfg = Release|Win32
		{E8966E8D-F08D-4A15-88E4-A482F41B9E33}.Debug.Build.0 = Release|Win32
		{E8966E8D-F08D-4A15-88E4-A482F41B9E33}.Release.ActiveCfg = Release|Win32
		{E8966E8D-F08D-4A15-88E4-A482F41B9E33}.Release.Build.0 = Release|Win32
	EndGlobalSection
	GlobalSection(ExtensibilityGlobals) = postSolution
	EndGlobalSection
	GlobalSection(ExtensibilityAddIns) = postSolution
	EndGlobalSection
EndGlobal
